
Microsoft Visual Studio Solution File, Format Version 12.00
# Visual Studio Version 16
VisualStudioVersion = 16.0.31005.135
MinimumVisualStudioVersion = 10.0.40219.1
Project("{FAE04EC0-301F-11D3-BF4B-00C04F79EFBC}") = "ZipUtil", "ZipUtil\ZipUtil.csproj", "{3ACF78D0-3E7F-4D30-B3A6-DCFC615DC6EF}"
EndProject
Global
	GlobalSection(SolutionConfigurationPlatforms) = preSolution
		Debug|Any CPU = Debug|Any CPU
		Release|Any CPU = Release|Any CPU
	EndGlobalSection
	GlobalSection(ProjectConfigurationPlatforms) = postSolution
		{3ACF78D0-3E7F-4D30-B3A6-DCFC615DC6EF}.Debug|Any CPU.ActiveCfg = Debug|Any CPU
		{3ACF78D0-3E7F-4D30-B3A6-DCFC615DC6EF}.Debug|Any CPU.Build.0 = Debug|Any CPU
		{3ACF78D0-3E7F-4D30-B3A6-DCFC615DC6EF}.Release|Any CPU.ActiveCfg = Release|Any CPU
		{3ACF78D0-3E7F-4D30-B3A6-DCFC615DC6EF}.Release|Any CPU.Build.0 = Release|Any CPU
	EndGlobalSection
	GlobalSection(SolutionProperties) = preSolution
		HideSolutionNode = FALSE
	EndGlobalSection
	GlobalSection(ExtensibilityGlobals) = postSolution
		SolutionGuid = {50C6ABA3-BA80-4E8B-A7B6-DF8AB19478D7}
	EndGlobalSection
EndGlobal
